{
  "version": 2,
  "dependencies": {
    "net10.0-windows7.0": {
      "Microsoft.NET.ILLink.Tasks": {
        "type": "Direct",
        "requested": "[10.0.8, )",
        "resolved": "10.0.8",
        "contentHash": "dVbSXGIFNR5nZcv2tOLoWI+a9T4jtFd77IYjuND+QVe360qWgAF7H0WtoopYhRw/+SgpGUTyrkrh+65+ClNnfw=="
      },
      "Microsoft.Xaml.Behaviors.Wpf": {
        "type": "Direct",
        "requested": "[1.1.142, )",
        "resolved": "1.1.142",
        "contentHash": "c47wA/8GHiQ9w+O6+mdqrZhZrxHogx2/fSZyRKL9tz0k+ypoTiwOx6fID0X3jr5LnCazJbCk7KiAcL0zVnNgNA=="
      },
      "Polyfill": {
        "type": "Direct",
        "requested": "[10.5.1, )",
        "resolved": "10.5.1",
        "contentHash": "DF5KHoVwE0496LDadwin55TLKtmwCXlCAxpFUYkXudIe9iJq09Dlbilxr46T0uP1g9RWHRwy1MPeKIa7b4WirA=="
      },
      "Prism.Unity": {
        "type": "Direct",
        "requested": "[9.0.537, )",
        "resolved": "9.0.537",
        "contentHash": "F2RjW2QZg2TsQxuYsRB0ldoacQw2xuZmaMM1LENfR+qbxPxBXC887yZ+PKeP9eWPP2sP3oVUqo09N8EWJLZXng==",
        "dependencies": {
          "Prism.Container.Unity": "9.0.106",
          "Prism.Wpf": "9.0.537"
        }
      },
      "Prism.Wpf": {
        "type": "Direct",
        "requested": "[9.0.537, )",
        "resolved": "9.0.537",
        "contentHash": "srsXhi7FRUFawsNoRkY67duMEGjZo3ff0FpqpkjeWkkAuLazlH1UmNVrvwnpaLQCBboexH/z6oGrLvpeocxgdw==",
        "dependencies": {
          "Microsoft.Xaml.Behaviors.Wpf": "1.1.122",
          "Prism.Core": "9.0.537"
        }
      },
      "SharpVectors.Wpf": {
        "type": "Direct",
        "requested": "[1.8.5, )",
        "resolved": "1.8.5",
        "contentHash": "WURdBDq5AE8RjKV9pFS7lNkJe81gxja9SaMGE4URq9GJUZ6M+5DGUL0Lm3B0iYW2/Meyowaz4ffGsyW+RBSTtg=="
      },
      "libsodium": {
        "type": "Transitive",
        "resolved": "1.0.20.1",
        "contentHash": "pkiceEqJDQFHjbga3k/oPfTVX9g+GKJZ1VrkuiLhaymt9YNw1Dr7cX9hNuZuNaWcr9WD0moW55k4pMwzQ7JaZQ=="
      },
      "Microsoft.Extensions.DependencyInjection.Abstractions": {
        "type": "Transitive",
        "resolved": "10.0.0",
        "contentHash": "L3AdmZ1WOK4XXT5YFPEwyt0ep6l8lGIPs7F5OOBZc77Zqeo01Of7XXICy47628sdVl0v/owxYJTe86DTgFwKCA=="
      },
      "Microsoft.Extensions.Logging.Abstractions": {
        "type": "Transitive",
        "resolved": "10.0.0",
        "contentHash": "FU/IfjDfwaMuKr414SSQNTIti/69bHEMb+QKrskRb26oVqpx3lNFXMjs/RC9ZUuhBhcwDM2BwOgoMw+PZ+beqQ==",
        "dependencies": {
          "Microsoft.Extensions.DependencyInjection.Abstractions": "10.0.0"
        }
      },
      "Microsoft.IdentityModel.Abstractions": {
        "type": "Transitive",
        "resolved": "8.15.0",
        "contentHash": "e/DApa1GfxUqHSBHcpiQg8yaghKAvFVBQFcWh25jNoRobDZbduTUACY8bZ54eeGWXvimGmEDdF0zkS5Dq16XPQ=="
      },
      "Microsoft.IdentityModel.JsonWebTokens": {
        "type": "Transitive",
        "resolved": "8.15.0",
        "contentHash": "3513f5VzvOZy3ELd42wGnh1Q3e83tlGAuXFSNbENpgWYoAhLLzgFtd5PiaOPGAU0gqKhYGVzKavghLUGfX3HQg==",
        "dependencies": {
          "Microsoft.IdentityModel.Tokens": "8.15.0"
        }
      },
      "Microsoft.IdentityModel.Logging": {
        "type": "Transitive",
        "resolved": "8.15.0",
        "contentHash": "1gJLjhy0LV2RQMJ9NGzi5Tnb2l+c37o8D8Lrk2mrvmb6OQHZ7XJstd/XxvncXgBpad4x9CGXdipbZzJJCXKyAg==",
        "dependencies": {
          "Microsoft.IdentityModel.Abstractions": "8.15.0"
        }
      },
      "Microsoft.IdentityModel.Tokens": {
        "type": "Transitive",
        "resolved": "8.15.0",
        "contentHash": "zUE9ysJXBtXlHHRtcRK3Sp8NzdCI1z/BRDTXJQ2TvBoI0ENRtnufYIep0O5TSCJRJGDwwuLTUx+l/bEYZUxpCA==",
        "dependencies": {
          "Microsoft.Extensions.Logging.Abstractions": "10.0.0",
          "Microsoft.IdentityModel.Logging": "8.15.0"
        }
      },
      "Prism.Container.Abstractions": {
        "type": "Transitive",
        "resolved": "9.0.106",
        "contentHash": "QNOERNOqsxvAa8pbWjqFB872DkvYK/cVRrcFO5vJYgWTIKBd8xfaI/jaZ0qeXLYVDz0nrvgJTZVVnip6+68dCw==",
        "dependencies": {
          "Microsoft.Extensions.DependencyInjection.Abstractions": "8.0.1"
        }
      },
      "Prism.Container.Unity": {
        "type": "Transitive",
        "resolved": "9.0.106",
        "contentHash": "QRakEz+1HG7PGETsEWQnHED4tmp7Ir/lVIVo0TySER1ACqNGNQgAfSgza+B/WMl/SadHhrz+HlTVQw3+PrAFWQ==",
        "dependencies": {
          "Prism.Container.Abstractions": "9.0.106",
          "Unity.Container": "5.11.11"
        }
      },
      "Prism.Core": {
        "type": "Transitive",
        "resolved": "9.0.537",
        "contentHash": "D7mEqPKLVNrD0g2WHCpC/MOKwn8h7X1liCWyjqjL7NCuxgwuhVLTG85E/ZPBkISrXdwvOQZ+bSY31bvP79FQlg==",
        "dependencies": {
          "Prism.Container.Abstractions": "9.0.106",
          "Prism.Events": "9.0.537"
        }
      },
      "Prism.Events": {
        "type": "Transitive",
        "resolved": "9.0.537",
        "contentHash": "Pzp5MGUuhAyKXZUbHVYNWLGF/eA3sScqDN6VrzbWlKj85R0IS0q+JXe99umynso2xhXAe+1jrQCCkgqmEFCBng=="
      },
      "Unity.Abstractions": {
        "type": "Transitive",
        "resolved": "5.11.7",
        "contentHash": "3ztwGEpe35UJlCUswXoi4uVDp8bJsgPsOmO71nZnNXh51II7t54AbezDbS6sR2z4QnMOpNGDaXbsEkyg6dIfOQ=="
      },
      "Unity.Container": {
        "type": "Transitive",
        "resolved": "5.11.11",
        "contentHash": "47u4MBG8hxV2ZBUK7LlXcZQW8yWSqUSCRG+2/TBA2CSkxkQlMfVUJ0RJODJsZgsiSgy4N0M8HIr7J88drYR/OQ==",
        "dependencies": {
          "Unity.Abstractions": "5.11.7"
        }
      },
      "dsinternals.win32.webauthn": {
        "type": "Project",
        "dependencies": {
          "Microsoft.Bcl.Memory": "[10.0.5, )",
          "Microsoft.Identity.Client": "[4.82.1, )",
          "Microsoft.NET.ILLink.Tasks": "[10.0.8, )",
          "NSec.Cryptography": "[25.4.0, )",
          "System.Formats.Cbor": "[10.0.8, )",
          "System.IdentityModel.Tokens.Jwt": "[8.15.0, )"
        }
      },
      "Microsoft.Bcl.Memory": {
        "type": "CentralTransitive",
        "requested": "[10.0.5, )",
        "resolved": "10.0.5",
        "contentHash": "odTrIyDJPgqCKEo6sOOfMzh0TaPufY/SLHrrMkqGlxGWVc5NQbZD5h1fxf/Q+PrGnhct5VWmmfKREA4h6JtTng=="
      },
      "Microsoft.Identity.Client": {
        "type": "CentralTransitive",
        "requested": "[4.82.1, )",
        "resolved": "4.82.1",
        "contentHash": "OI+RC+h0JkHhIajhrdQ012s9csOMeiooPbI820JAJ29QwIBI4cTFnCoowpaF2yoUASisF8xAIATstYWuwa+aOw==",
        "dependencies": {
          "Microsoft.IdentityModel.Abstractions": "8.14.0"
        }
      },
      "NSec.Cryptography": {
        "type": "CentralTransitive",
        "requested": "[25.4.0, )",
        "resolved": "25.4.0",
        "contentHash": "Z3wPpG0xefMLmhn9T+Ka/EzAmMQPT0THL/5E4lf9cXI/N9rbGH0G23ZFpRcPnD0ast2k7ieG6QSVNIjmfPCXBQ==",
        "dependencies": {
          "libsodium": "[1.0.20.1, 1.0.21)"
        }
      },
      "System.Formats.Cbor": {
        "type": "CentralTransitive",
        "requested": "[10.0.8, )",
        "resolved": "10.0.8",
        "contentHash": "VYwNJuJrC1HhlT8QZH06UM8TcgPRzNZ1NRMO6Q041xbw0FN13i2LCdv+Hx9vfiXxfvnoEuLC5N5Nun4lY2I0YA=="
      },
      "System.IdentityModel.Tokens.Jwt": {
        "type": "CentralTransitive",
        "requested": "[8.15.0, )",
        "resolved": "8.15.0",
        "contentHash": "dpodi7ixz6hxK8YCBYAWzm0IA8JYXoKcz0hbCbNifo519//rjUI0fBD8rfNr+IGqq+2gm4oQoXwHk09LX5SqqQ==",
        "dependencies": {
          "Microsoft.IdentityModel.JsonWebTokens": "8.15.0",
          "Microsoft.IdentityModel.Tokens": "8.15.0"
        }
      }
    },
    "net10.0-windows7.0/win-arm64": {
      "libsodium": {
        "type": "Transitive",
        "resolved": "1.0.20.1",
        "contentHash": "pkiceEqJDQFHjbga3k/oPfTVX9g+GKJZ1VrkuiLhaymt9YNw1Dr7cX9hNuZuNaWcr9WD0moW55k4pMwzQ7JaZQ=="
      }
    },
    "net10.0-windows7.0/win-x64": {
      "libsodium": {
        "type": "Transitive",
        "resolved": "1.0.20.1",
        "contentHash": "pkiceEqJDQFHjbga3k/oPfTVX9g+GKJZ1VrkuiLhaymt9YNw1Dr7cX9hNuZuNaWcr9WD0moW55k4pMwzQ7JaZQ=="
      }
    }
  }
}