{
  "version": 1,
  "dependencies": {
    ".NETFramework,Version=v4.8": {
      "System.Formats.Cbor": {
        "type": "Direct",
        "requested": "[9.0.3, )",
        "resolved": "9.0.3",
        "contentHash": "tRqH5Ze3/2anAQ5TWd3NB50l74afOFX7YChfpVFKPJl5KkrK+sg5J4xtuDT0glNUt7LkexrSfYzGcgalaqmVsg==",
        "dependencies": {
          "Microsoft.Bcl.HashCode": "1.1.1",
          "System.Buffers": "4.5.1",
          "System.Memory": "4.5.5",
          "System.Runtime.CompilerServices.Unsafe": "6.0.0",
          "System.ValueTuple": "4.5.0"
        }
      },
      "Microsoft.Bcl.HashCode": {
        "type": "Transitive",
        "resolved": "1.1.1",
        "contentHash": "MalY0Y/uM/LjXtHfX/26l2VtN4LDNZ2OE3aumNOHDLsT4fNYy2hiHXI4CXCqKpNUNm7iJ2brrc4J89UdaL56FA=="
      },
      "System.Buffers": {
        "type": "Transitive",
        "resolved": "4.5.1",
        "contentHash": "Rw7ijyl1qqRS0YQD/WycNst8hUUMgrMH4FCn1nNm27M4VxchZ1js3fVjQaANHO5f3sN4isvP4a+Met9Y4YomAg=="
      },
      "System.Memory": {
        "type": "Transitive",
        "resolved": "4.5.5",
        "contentHash": "XIWiDvKPXaTveaB7HVganDlOCRoj03l+jrwNvcge/t8vhGYKvqV+dMv6G4SAX2NoNmN0wZfVPTAlFwZcZvVOUw==",
        "dependencies": {
          "System.Buffers": "4.5.1",
          "System.Numerics.Vectors": "4.5.0",
          "System.Runtime.CompilerServices.Unsafe": "4.5.3"
        }
      },
      "System.Numerics.Vectors": {
        "type": "Transitive",
        "resolved": "4.5.0",
        "contentHash": "QQTlPTl06J/iiDbJCiepZ4H//BVraReU4O4EoRw1U02H5TLUIT7xn3GnDp9AXPSlJUDyFs4uWjWafNX6WrAojQ=="
      },
      "System.Runtime.CompilerServices.Unsafe": {
        "type": "Transitive",
        "resolved": "6.0.0",
        "contentHash": "/iUeP3tq1S0XdNNoMz5C9twLSrM/TH+qElHkXWaPvuNOt+99G75NrV0OS2EqHx5wMN7popYjpc8oTjC1y16DLg=="
      },
      "System.ValueTuple": {
        "type": "Transitive",
        "resolved": "4.5.0",
        "contentHash": "okurQJO6NRE/apDIP23ajJ0hpiNmJ+f0BwOlB/cSqTLQlw5upkf+5+96+iG2Jw40G1fCVCyPz/FhIABUjMR+RQ=="
      }
    },
    "net10.0-windows7.0": {
      "System.Diagnostics.EventLog": {
        "type": "Direct",
        "requested": "[9.0.3, )",
        "resolved": "9.0.3",
        "contentHash": "0nDJBZ06DVdTG2vvCZ4XjazLVaFawdT0pnji23ISX8I8fEOlRJyzH2I0kWiAbCtFwry2Zir4qE4l/GStLATfFw=="
      },
      "System.Formats.Cbor": {
        "type": "Direct",
        "requested": "[9.0.3, )",
        "resolved": "9.0.3",
        "contentHash": "tRqH5Ze3/2anAQ5TWd3NB50l74afOFX7YChfpVFKPJl5KkrK+sg5J4xtuDT0glNUt7LkexrSfYzGcgalaqmVsg=="
      }
    },
    "net8.0-windows7.0": {
      "System.Diagnostics.EventLog": {
        "type": "Direct",
        "requested": "[9.0.3, )",
        "resolved": "9.0.3",
        "contentHash": "0nDJBZ06DVdTG2vvCZ4XjazLVaFawdT0pnji23ISX8I8fEOlRJyzH2I0kWiAbCtFwry2Zir4qE4l/GStLATfFw=="
      },
      "System.Formats.Cbor": {
        "type": "Direct",
        "requested": "[9.0.3, )",
        "resolved": "9.0.3",
        "contentHash": "tRqH5Ze3/2anAQ5TWd3NB50l74afOFX7YChfpVFKPJl5KkrK+sg5J4xtuDT0glNUt7LkexrSfYzGcgalaqmVsg=="
      }
    }
  }
}