
Microsoft Visual Studio Solution File, Format Version 12.00
# Visual Studio Version 17
VisualStudioVersion = 17.5.33627.172
MinimumVisualStudioVersion = 10.0.40219.1
Project("{2150E333-8FDC-42A3-9474-1A3956D46DE8}") = "Solution Items", "Solution Items", "{686243F0-D2B5-4684-9B92-B2754BBD9401}"
	ProjectSection(SolutionItems) = preProject
		..\.editorconfig = ..\.editorconfig
		..\.gitignore = ..\.gitignore
		..\.gitmodules = ..\.gitmodules
		..\.github\workflows\autobuild.yml = ..\.github\workflows\autobuild.yml
		Directory.Build.props = Directory.Build.props
		..\global.json = ..\global.json
		..\LICENSE = ..\LICENSE
		..\.github\README.md = ..\.github\README.md
		..\.github\workflows\release.yml = ..\.github\workflows\release.yml
	EndProjectSection
EndProject
Project("{9A19103F-16F7-4668-BE54-9A1E7A4F7556}") = "DSInternals.Win32.WebAuthn", "DSInternals.Win32.WebAuthn\DSInternals.Win32.WebAuthn.csproj", "{7CB17FBC-357A-4B3E-883C-B0EA8A7219AD}"
EndProject
Project("{9A19103F-16F7-4668-BE54-9A1E7A4F7556}") = "DSInternals.Win32.WebAuthn.Tests", "DSInternals.Win32.WebAuthn.Tests\DSInternals.Win32.WebAuthn.Tests.csproj", "{21EE7768-EBFA-4D9B-A37C-2CBF3EF769AB}"
EndProject
Project("{9A19103F-16F7-4668-BE54-9A1E7A4F7556}") = "Fido2UI", "Fido2UI\Fido2UI.csproj", "{2F479568-EC8B-4076-9076-2B4D10B686FF}"
EndProject
Project("{9A19103F-16F7-4668-BE54-9A1E7A4F7556}") = "DSInternals.Win32.WebAuthn.Adapter", "DSInternals.Win32.WebAuthn.Adapter\DSInternals.Win32.WebAuthn.Adapter.csproj", "{67F72ABC-1B7C-4632-94EA-23E12E28A813}"
EndProject
Project("{9A19103F-16F7-4668-BE54-9A1E7A4F7556}") = "DSInternals.Win32.WebAuthn.Adaper.Tests", "DSInternals.Win32.WebAuthn.Adapter.Tests\DSInternals.Win32.WebAuthn.Adaper.Tests.csproj", "{D96F5E49-EE79-4B70-ABB4-4F59B5EACCF8}"
EndProject
Project("{2150E333-8FDC-42A3-9474-1A3956D46DE8}") = "Module", "Module", "{840191B3-0860-4B83-A0CC-F7AE3C6381B4}"
	ProjectSection(SolutionItems) = preProject
		DSInternals.Passkeys\DSInternals.Passkeys.psd1 = DSInternals.Passkeys\DSInternals.Passkeys.psd1
		DSInternals.Passkeys\DSInternals.Passkeys.psm1 = DSInternals.Passkeys\DSInternals.Passkeys.psm1
	EndProjectSection
EndProject
Global
	GlobalSection(SolutionConfigurationPlatforms) = preSolution
		Debug|Any CPU = Debug|Any CPU
		Release|Any CPU = Release|Any CPU
	EndGlobalSection
	GlobalSection(ProjectConfigurationPlatforms) = postSolution
		{7CB17FBC-357A-4B3E-883C-B0EA8A7219AD}.Debug|Any CPU.ActiveCfg = Debug|Any CPU
		{7CB17FBC-357A-4B3E-883C-B0EA8A7219AD}.Debug|Any CPU.Build.0 = Debug|Any CPU
		{7CB17FBC-357A-4B3E-883C-B0EA8A7219AD}.Release|Any CPU.ActiveCfg = Release|Any CPU
		{7CB17FBC-357A-4B3E-883C-B0EA8A7219AD}.Release|Any CPU.Build.0 = Release|Any CPU
		{21EE7768-EBFA-4D9B-A37C-2CBF3EF769AB}.Debug|Any CPU.ActiveCfg = Debug|Any CPU
		{21EE7768-EBFA-4D9B-A37C-2CBF3EF769AB}.Debug|Any CPU.Build.0 = Debug|Any CPU
		{21EE7768-EBFA-4D9B-A37C-2CBF3EF769AB}.Release|Any CPU.ActiveCfg = Release|Any CPU
		{21EE7768-EBFA-4D9B-A37C-2CBF3EF769AB}.Release|Any CPU.Build.0 = Release|Any CPU
		{2F479568-EC8B-4076-9076-2B4D10B686FF}.Debug|Any CPU.ActiveCfg = Debug|Any CPU
		{2F479568-EC8B-4076-9076-2B4D10B686FF}.Debug|Any CPU.Build.0 = Debug|Any CPU
		{2F479568-EC8B-4076-9076-2B4D10B686FF}.Release|Any CPU.ActiveCfg = Release|Any CPU
		{2F479568-EC8B-4076-9076-2B4D10B686FF}.Release|Any CPU.Build.0 = Release|Any CPU
		{67F72ABC-1B7C-4632-94EA-23E12E28A813}.Debug|Any CPU.ActiveCfg = Debug|Any CPU
		{67F72ABC-1B7C-4632-94EA-23E12E28A813}.Debug|Any CPU.Build.0 = Debug|Any CPU
		{67F72ABC-1B7C-4632-94EA-23E12E28A813}.Release|Any CPU.ActiveCfg = Release|Any CPU
		{67F72ABC-1B7C-4632-94EA-23E12E28A813}.Release|Any CPU.Build.0 = Release|Any CPU
		{D96F5E49-EE79-4B70-ABB4-4F59B5EACCF8}.Debug|Any CPU.ActiveCfg = Debug|Any CPU
		{D96F5E49-EE79-4B70-ABB4-4F59B5EACCF8}.Debug|Any CPU.Build.0 = Debug|Any CPU
		{D96F5E49-EE79-4B70-ABB4-4F59B5EACCF8}.Release|Any CPU.ActiveCfg = Release|Any CPU
		{D96F5E49-EE79-4B70-ABB4-4F59B5EACCF8}.Release|Any CPU.Build.0 = Release|Any CPU
	EndGlobalSection
	GlobalSection(SolutionProperties) = preSolution
		HideSolutionNode = FALSE
	EndGlobalSection
	GlobalSection(NestedProjects) = preSolution
		{840191B3-0860-4B83-A0CC-F7AE3C6381B4} = {686243F0-D2B5-4684-9B92-B2754BBD9401}
	EndGlobalSection
	GlobalSection(ExtensibilityGlobals) = postSolution
		SolutionGuid = {5EAF41A3-0BD0-46BF-95A9-27963D948EE4}
	EndGlobalSection
EndGlobal
